<?xml version="1.0" encoding="UTF-8" standalone="yes" ?>
<CodeBlocks_project_file>
	<FileVersion major="1" minor="6" />
	<Project>
		<Option title="ProgramKjoring" />
		<Option pch_mode="2" />
		<Option compiler="gcc" />
		<Build>
			<Target title="Debug">
				<Option output="bin/Debug/ProgramKjoring" prefix_auto="1" extension_auto="1" />
				<Option object_output="obj/Debug/" />
				<Option type="1" />
				<Option compiler="gcc" />
				<Compiler>
					<Add option="-g" />
				</Compiler>
			</Target>
			<Target title="Release">
				<Option output="bin/Release/ProgramKjoring" prefix_auto="1" extension_auto="1" />
				<Option object_output="obj/Release/" />
				<Option type="1" />
				<Option compiler="gcc" />
				<Compiler>
					<Add option="-O2" />
				</Compiler>
				<Linker>
					<Add option="-s" />
				</Linker>
			</Target>
		</Build>
		<Compiler>
			<Add option="-Wall" />
		</Compiler>
		<Unit filename="KATEGORIER.DTA" />
		<Unit filename="KUNDER.DTA" />
		<Unit filename="LesData3.cpp" />
		<Unit filename="LesData3.h" />
		<Unit filename="bruktting.cpp" />
		<Unit filename="bruktting.h" />
		<Unit filename="const.h" />
		<Unit filename="enum.h" />
		<Unit filename="func.cpp" />
		<Unit filename="func.h" />
		<Unit filename="kategori.cpp" />
		<Unit filename="kategori.h" />
		<Unit filename="kategorier.cpp" />
		<Unit filename="kategorier.h" />
		<Unit filename="kunde.cpp" />
		<Unit filename="kunde.h" />
		<Unit filename="kunder.cpp" />
		<Unit filename="kunder.h" />
		<Unit filename="main.cpp" />
		<Unit filename="nyting.cpp" />
		<Unit filename="nyting.h" />
		<Extensions />
	</Project>
</CodeBlocks_project_file>
